// !$*UTF8*$!
{
	archiveVersion = 1;
	classes = {
	};
	objectVersion = 77;
	objects = {

/* Begin PBXContainerItemProxy section */
		BB7ECB272F4E5B8300BEB93A /* PBXContainerItemProxy */ = {
			isa = PBXContainerItemProxy;
			containerPortal = BB7ECB0C2F4E5B8200BEB93A /* Project object */;
			proxyType = 1;
			remoteGlobalIDString = BB7ECB132F4E5B8200BEB93A;
			remoteInfo = Dnamer;
		};
		BB7ECB312F4E5B8300BEB93A /* PBXContainerItemProxy */ = {
			isa = PBXContainerItemProxy;
			containerPortal = BB7ECB0C2F4E5B8200BEB93A /* Project object */;
			proxyType = 1;
			remoteGlobalIDString = BB7ECB132F4E5B8200BEB93A;
			remoteInfo = Dnamer;
		};
/* End PBXContainerItemProxy section */

/* Begin PBXFileReference section */
		BB7ECB142F4E5B8200BEB93A /* Dnamer.app */ = {isa = PBXFileReference; explicitFileType = wrapper.application; includeInIndex = 0; path = Dnamer.app; sourceTree = BUILT_PRODUCTS_DIR; };
		BB7ECB262F4E5B8300BEB93A /* DnamerTests.xctest */ = {isa = PBXFileReference; explicitFileType = wrapper.cfbundle; includeInIndex = 0; path = DnamerTests.xctest; sourceTree = BUILT_PRODUCTS_DIR; };
		BB7ECB302F4E5B8300BEB93A /* DnamerUITests.xctest */ = {isa = PBXFileReference; explicitFileType = wrapper.cfbundle; includeInIndex = 0; path = DnamerUITests.xctest; sourceTree = BUILT_PRODUCTS_DIR; };
/* End PBXFileReference section */

/* Begin PBXFileSystemSynchronizedRootGroup section */
		BB7ECB162F4E5B8200BEB93A /* Dnamer */ = {
			isa = PBXFileSystemSynchronizedRootGroup;
			path = Dnamer;
			sourceTree = "<group>";
		};
		BB7ECB292F4E5B8300BEB93A /* DnamerTests */ = {
			isa = PBXFileSystemSynchronizedRootGroup;
			path = DnamerTests;
			sourceTree = "<group>";
		};
		BB7ECB332F4E5B8300BEB93A /* DnamerUITests */ = {
			isa = PBXFileSystemSynchronizedRootGroup;
			path = DnamerUITests;
			sourceTree = "<group>";
		};
/* End PBXFileSystemSynchronizedRootGroup section */

/* Begin PBXFrameworksBuildPhase section */
		BB7ECB112F4E5B8200BEB93A /* Frameworks */ = {
			isa = PBXFrameworksBuildPhase;
			buildActionMask = 2147483647;
			files = (
			);
			runOnlyForDeploymentPostprocessing = 0;
		};
		BB7ECB232F4E5B8300BEB93A /* Frameworks */ = {
			isa = PBXFrameworksBuildPhase;
			buildActionMask = 2147483647;
			files = (
			);
			runOnlyForDeploymentPostprocessing = 0;
		};
		BB7ECB2D2F4E5B8300BEB93A /* Frameworks */ = {
			isa = PBXFrameworksBuildPhase;
			buildActionMask = 2147483647;
			files = (
			);
			runOnlyForDeploymentPostprocessing = 0;
		};
/* End PBXFrameworksBuildPhase section */

/* Begin PBXGroup section */
		BB7ECB0B2F4E5B8200BEB93A = {
			isa = PBXGroup;
			children = (
				BB7ECB162F4E5B8200BEB93A /* Dnamer */,
				BB7ECB292F4E5B8300BEB93A /* DnamerTests */,
				BB7ECB332F4E5B8300BEB93A /* DnamerUITests */,
				BB7ECB152F4E5B8200BEB93A /* Products */,
			);
			sourceTree = "<group>";
		};
		BB7ECB152F4E5B8200BEB93A /* Products */ = {
			isa = PBXGroup;
			children = (
				BB7ECB142F4E5B8200BEB93A /* Dnamer.app */,
				BB7ECB262F4E5B8300BEB93A /* DnamerTests.xctest */,
				BB7ECB302F4E5B8300BEB93A /* DnamerUITests.xctest */,
			);
			name = Products;
			sourceTree = "<group>";
		};
/* End PBXGroup section */

/* Begin PBXNativeTarget section */
		BB7ECB132F4E5B8200BEB93A /* Dnamer */ = {
			isa = PBXNativeTarget;
			buildConfigurationList = BB7ECB3A2F4E5B8300BEB93A /* Build configuration list for PBXNativeTarget "Dnamer" */;
			buildPhases = (
				BB7ECB102F4E5B8200BEB93A /* Sources */,
				BB7ECB112F4E5B8200BEB93A /* Frameworks */,
				BB7ECB122F4E5B8200BEB93A /* Resources */,
			);
			buildRules = (
			);
			dependencies = (
			);
			fileSystemSynchronizedGroups = (
				BB7ECB162F4E5B8200BEB93A /* Dnamer */,
			);
			name = Dnamer;
			packageProductDependencies = (
			);
			productName = Dnamer;
			productReference = BB7ECB142F4E5B8200BEB93A /* Dnamer.app */;
			productType = "com.apple.product-type.application";
		};
		BB7ECB252F4E5B8300BEB93A /* DnamerTests */ = {
			isa = PBXNativeTarget;
			buildConfigurationList = BB7ECB3D2F4E5B8300BEB93A /* Build configuration list for PBXNativeTarget "DnamerTests" */;
			buildPhases = (
				BB7ECB222F4E5B8300BEB93A /* Sources */,
				BB7ECB232F4E5B8300BEB93A /* Frameworks */,
				BB7ECB242F4E5B8300BEB93A /* Resources */,
			);
			buildRules = (
			);
			dependencies = (
				BB7ECB282F4E5B8300BEB93A /* PBXTargetDependency */,
			);
			fileSystemSynchronizedGroups = (
				BB7ECB292F4E5B8300BEB93A /* DnamerTests */,
			);
			name = DnamerTests;
			packageProductDependencies = (
			);
			productName = DnamerTests;
			productReference = BB7ECB262F4E5B8300BEB93A /* DnamerTests.xctest */;
			productType = "com.apple.product-type.bundle.unit-test";
		};
		BB7ECB2F2F4E5B8300BEB93A /* DnamerUITests */ = {
			isa = PBXNativeTarget;
			buildConfigurationList = BB7ECB402F4E5B8300BEB93A /* Build configuration list for PBXNativeTarget "DnamerUITests" */;
			buildPhases = (
				BB7ECB2C2F4E5B8300BEB93A /* Sources */,
				BB7ECB2D2F4E5B8300BEB93A /* Frameworks */,
				BB7ECB2E2F4E5B8300BEB93A /* Resources */,
			);
			buildRules = (
			);
			dependencies = (
				BB7ECB322F4E5B8300BEB93A /* PBXTargetDependency */,
			);
			fileSystemSynchronizedGroups = (
				BB7ECB332F4E5B8300BEB93A /* DnamerUITests */,
			);
			name = DnamerUITests;
			packageProductDependencies = (
			);
			productName = DnamerUITests;
			productReference = BB7ECB302F4E5B8300BEB93A /* DnamerUITests.xctest */;
			productType = "com.apple.product-type.bundle.ui-testing";
		};
/* End PBXNativeTarget section */

/* Begin PBXProject section */
		BB7ECB0C2F4E5B8200BEB93A /* Project object */ = {
			isa = PBXProject;
			attributes = {
				BuildIndependentTargetsInParallel = 1;
				LastSwiftUpdateCheck = 2610;
				LastUpgradeCheck = 2610;
				TargetAttributes = {
					BB7ECB132F4E5B8200BEB93A = {
						CreatedOnToolsVersion = 26.1.1;
					};
					BB7ECB252F4E5B8300BEB93A = {
						CreatedOnToolsVersion = 26.1.1;
						TestTargetID = BB7ECB132F4E5B8200BEB93A;
					};
					BB7ECB2F2F4E5B8300BEB93A = {
						CreatedOnToolsVersion = 26.1.1;
						TestTargetID = BB7ECB132F4E5B8200BEB93A;
					};
				};
			};
			buildConfigurationList = BB7ECB0F2F4E5B8200BEB93A /* Build configuration list for PBXProject "Dnamer" */;
			developmentRegion = en;
			hasScannedForEncodings = 0;
			knownRegions = (
				en,
				Base,
			);
			mainGroup = BB7ECB0B2F4E5B8200BEB93A;
			minimizedProjectReferenceProxies = 1;
			preferredProjectObjectVersion = 77;
			productRefGroup = BB7ECB152F4E5B8200BEB93A /* Products */;
			projectDirPath = "";
			projectRoot = "";
			targets = (
				BB7ECB132F4E5B8200BEB93A /* Dnamer */,
				BB7ECB252F4E5B8300BEB93A /* DnamerTests */,
				BB7ECB2F2F4E5B8300BEB93A /* DnamerUITests */,
			);
		};
/* End PBXProject section */

/* Begin PBXResourcesBuildPhase section */
		BB7ECB122F4E5B8200BEB93A /* Resources */ = {
			isa = PBXResourcesBuildPhase;
			buildActionMask = 2147483647;
			files = (
			);
			runOnlyForDeploymentPostprocessing = 0;
		};
		BB7ECB242F4E5B8300BEB93A /* Resources */ = {
			isa = PBXResourcesBuildPhase;
			buildActionMask = 2147483647;
			files = (
			);
			runOnlyForDeploymentPostprocessing = 0;
		};
		BB7ECB2E2F4E5B8300BEB93A /* Resources */ = {
			isa = PBXResourcesBuildPhase;
			buildActionMask = 2147483647;
			files = (
			);
			runOnlyForDeploymentPostprocessing = 0;
		};
/* End PBXResourcesBuildPhase section */

/* Begin PBXSourcesBuildPhase section */
		BB7ECB102F4E5B8200BEB93A /* Sources */ = {
			isa = PBXSourcesBuildPhase;
			buildActionMask = 2147483647;
			files = (
			);
			runOnlyForDeploymentPostprocessing = 0;
		};
		BB7ECB222F4E5B8300BEB93A /* Sources */ = {
			isa = PBXSourcesBuildPhase;
			buildActionMask = 2147483647;
			files = (
			);
			runOnlyForDeploymentPostprocessing = 0;
		};
		BB7ECB2C2F4E5B8300BEB93A /* Sources */ = {
			isa = PBXSourcesBuildPhase;
			buildActionMask = 2147483647;
			files = (
			);
			runOnlyForDeploymentPostprocessing = 0;
		};
/* End PBXSourcesBuildPhase section */

/* Begin PBXTargetDependency section */
		BB7ECB282F4E5B8300BEB93A /* PBXTargetDependency */ = {
			isa = PBXTargetDependency;
			target = BB7ECB132F4E5B8200BEB93A /* Dnamer */;
			targetProxy = BB7ECB272F4E5B8300BEB93A /* PBXContainerItemProxy */;
		};
		BB7ECB322F4E5B8300BEB93A /* PBXTargetDependency */ = {
			isa = PBXTargetDependency;
			target = BB7ECB132F4E5B8200BEB93A /* Dnamer */;
			targetProxy = BB7ECB312F4E5B8300BEB93A /* PBXContainerItemProxy */;
		};
/* End PBXTargetDependency section */

/* Begin XCBuildConfiguration section */
		BB7ECB382F4E5B8300BEB93A /* Debug */ = {
			isa = XCBuildConfiguration;
			buildSettings = {
				ALWAYS_SEARCH_USER_PATHS = NO;
				ASSETCATALOG_COMPILER_GENERATE_SWIFT_ASSET_SYMBOL_EXTENSIONS = YES;
				CLANG_ANALYZER_NONNULL = YES;
				CLANG_ANALYZER_NUMBER_OBJECT_CONVERSION = YES_AGGRESSIVE;
				CLANG_CXX_LANGUAGE_STANDARD = "gnu++20";
				CLANG_ENABLE_MODULES = YES;
				CLANG_ENABLE_OBJC_ARC = YES;
				CLANG_ENABLE_OBJC_WEAK = YES;
				CLANG_WARN_BLOCK_CAPTURE_AUTORELEASING = YES;
				CLANG_WARN_BOOL_CONVERSION = YES;
				CLANG_WARN_COMMA = YES;
				CLANG_WARN_CONSTANT_CONVERSION = YES;
				CLANG_WARN_DEPRECATED_OBJC_IMPLEMENTATIONS = YES;
				CLANG_WARN_DIRECT_OBJC_ISA_USAGE = YES_ERROR;
				CLANG_WARN_DOCUMENTATION_COMMENTS = YES;
				CLANG_WARN_EMPTY_BODY = YES;
				CLANG_WARN_ENUM_CONVERSION = YES;
				CLANG_WARN_INFINITE_RECURSION = YES;
				CLANG_WARN_INT_CONVERSION = YES;
				CLANG_WARN_NON_LITERAL_NULL_CONVERSION = YES;
				CLANG_WARN_OBJC_IMPLICIT_RETAIN_SELF = YES;
				CLANG_WARN_OBJC_LITERAL_CONVERSION = YES;
				CLANG_WARN_OBJC_ROOT_CLASS = YES_ERROR;
				CLANG_WARN_QUOTED_INCLUDE_IN_FRAMEWORK_HEADER = YES;
				CLANG_WARN_RANGE_LOOP_ANALYSIS = YES;
				CLANG_WARN_STRICT_PROTOTYPES = YES;
				CLANG_WARN_SUSPICIOUS_MOVE = YES;
				CLANG_WARN_UNGUARDED_AVAILABILITY = YES_AGGRESSIVE;
				CLANG_WARN_UNREACHABLE_CODE = YES;
				CLANG_WARN__DUPLICATE_METHOD_MATCH = YES;
				COPY_PHASE_STRIP = NO;
				DEBUG_INFORMATION_FORMAT = dwarf;
				DEVELOPMENT_TEAM = Q3J47D729C;
				ENABLE_STRICT_OBJC_MSGSEND = YES;
				ENABLE_TESTABILITY = YES;
				ENABLE_USER_SCRIPT_SANDBOXING = YES;
				GCC_C_LANGUAGE_STANDARD = gnu17;
				GCC_DYNAMIC_NO_PIC = NO;
				GCC_NO_COMMON_BLOCKS = YES;
				GCC_OPTIMIZATION_LEVEL = 0;
				GCC_PREPROCESSOR_DEFINITIONS = (
					"DEBUG=1",
					"$(inherited)",
				);
				GCC_WARN_64_TO_32_BIT_CONVERSION = YES;
				GCC_WARN_ABOUT_RETURN_TYPE = YES_ERROR;
				GCC_WARN_UNDECLARED_SELECTOR = YES;
				GCC_WARN_UNINITIALIZED_AUTOS = YES_AGGRESSIVE;
				GCC_WARN_UNUSED_FUNCTION = YES;
				GCC_WARN_UNUSED_VARIABLE = YES;
				LOCALIZATION_PREFERS_STRING_CATALOGS = YES;
				MACOSX_DEPLOYMENT_TARGET = 26.1;
				MTL_ENABLE_DEBUG_INFO = INCLUDE_SOURCE;
				MTL_FAST_MATH = YES;
				ONLY_ACTIVE_ARCH = YES;
				SDKROOT = macosx;
				SWIFT_ACTIVE_COMPILATION_CONDITIONS = "DEBUG $(inherited)";
				SWIFT_OPTIMIZATION_LEVEL = "-Onone";
			};
			name = Debug;
		};
		BB7ECB392F4E5B8300BEB93A /* Release */ = {
			isa = XCBuildConfiguration;
			buildSettings = {
				ALWAYS_SEARCH_USER_PATHS = NO;
				ASSETCATALOG_COMPILER_GENERATE_SWIFT_ASSET_SYMBOL_EXTENSIONS = YES;
				CLANG_ANALYZER_NONNULL = YES;
				CLANG_ANALYZER_NUMBER_OBJECT_CONVERSION = YES_AGGRESSIVE;
				CLANG_CXX_LANGUAGE_STANDARD = "gnu++20";
				CLANG_ENABLE_MODULES = YES;
				CLANG_ENABLE_OBJC_ARC = YES;
				CLANG_ENABLE_OBJC_WEAK = YES;
				CLANG_WARN_BLOCK_CAPTURE_AUTORELEASING = YES;
				CLANG_WARN_BOOL_CONVERSION = YES;
				CLANG_WARN_COMMA = YES;
				CLANG_WARN_CONSTANT_CONVERSION = YES;
				CLANG_WARN_DEPRECATED_OBJC_IMPLEMENTATIONS = YES;
				CLANG_WARN_DIRECT_OBJC_ISA_USAGE = YES_ERROR;
				CLANG_WARN_DOCUMENTATION_COMMENTS = YES;
				CLANG_WARN_EMPTY_BODY = YES;
				CLANG_WARN_ENUM_CONVERSION = YES;
				CLANG_WARN_INFINITE_RECURSION = YES;
				CLANG_WARN_INT_CONVERSION = YES;
				CLANG_WARN_NON_LITERAL_NULL_CONVERSION = YES;
				CLANG_WARN_OBJC_IMPLICIT_RETAIN_SELF = YES;
				CLANG_WARN_OBJC_LITERAL_CONVERSION = YES;
				CLANG_WARN_OBJC_ROOT_CLASS = YES_ERROR;
				CLANG_WARN_QUOTED_INCLUDE_IN_FRAMEWORK_HEADER = YES;
				CLANG_WARN_RANGE_LOOP_ANALYSIS = YES;
				CLANG_WARN_STRICT_PROTOTYPES = YES;
				CLANG_WARN_SUSPICIOUS_MOVE = YES;
				CLANG_WARN_UNGUARDED_AVAILABILITY = YES_AGGRESSIVE;
				CLANG_WARN_UNREACHABLE_CODE = YES;
				CLANG_WARN__DUPLICATE_METHOD_MATCH = YES;
				COPY_PHASE_STRIP = NO;
				DEBUG_INFORMATION_FORMAT = "dwarf-with-dsym";
				DEVELOPMENT_TEAM = Q3J47D729C;
				ENABLE_NS_ASSERTIONS = NO;
				ENABLE_STRICT_OBJC_MSGSEND = YES;
				ENABLE_USER_SCRIPT_SANDBOXING = YES;
				GCC_C_LANGUAGE_STANDARD = gnu17;
				GCC_NO_COMMON_BLOCKS = YES;
				GCC_WARN_64_TO_32_BIT_CONVERSION = YES;
				GCC_WARN_ABOUT_RETURN_TYPE = YES_ERROR;
				GCC_WARN_UNDECLARED_SELECTOR = YES;
				GCC_WARN_UNINITIALIZED_AUTOS = YES_AGGRESSIVE;
				GCC_WARN_UNUSED_FUNCTION = YES;
				GCC_WARN_UNUSED_VARIABLE = YES;
				LOCALIZATION_PREFERS_STRING_CATALOGS = YES;
				MACOSX_DEPLOYMENT_TARGET = 26.1;
				MTL_ENABLE_DEBUG_INFO = NO;
				MTL_FAST_MATH = YES;
				SDKROOT = macosx;
				SWIFT_COMPILATION_MODE = wholemodule;
			};
			name = Release;
		};
		BB7ECB3B2F4E5B8300BEB93A /* Debug */ = {
			isa = XCBuildConfiguration;
			buildSettings = {
				ASSETCATALOG_COMPILER_APPICON_NAME = AppIcon;
				ASSETCATALOG_COMPILER_GLOBAL_ACCENT_COLOR_NAME = AccentColor;
				CODE_SIGN_STYLE = Automatic;
				COMBINE_HIDPI_IMAGES = YES;
				CURRENT_PROJECT_VERSION = 1;
				DEVELOPMENT_TEAM = Q3J47D729C;
				ENABLE_APP_SANDBOX = YES;
				ENABLE_HARDENED_RUNTIME = YES;
				ENABLE_PREVIEWS = YES;
				ENABLE_USER_SELECTED_FILES = readonly;
				GENERATE_INFOPLIST_FILE = YES;
				INFOPLIST_KEY_NSHumanReadableCopyright = "";
				LD_RUNPATH_SEARCH_PATHS = (
					"$(inherited)",
					"@executable_path/../Frameworks",
				);
				MARKETING_VERSION = 1.0;
				PRODUCT_BUNDLE_IDENTIFIER = self.Dnamer;
				PRODUCT_NAME = "$(TARGET_NAME)";
				REGISTER_APP_GROUPS = YES;
				STRING_CATALOG_GENERATE_SYMBOLS = YES;
				SWIFT_APPROACHABLE_CONCURRENCY = YES;
				SWIFT_DEFAULT_ACTOR_ISOLATION = MainActor;
				SWIFT_EMIT_LOC_STRINGS = YES;
				SWIFT_UPCOMING_FEATURE_MEMBER_IMPORT_VISIBILITY = YES;
				SWIFT_VERSION = 5.0;
			};
			name = Debug;
		};
		BB7ECB3C2F4E5B8300BEB93A /* Release */ = {
			isa = XCBuildConfiguration;
			buildSettings = {
				ASSETCATALOG_COMPILER_APPICON_NAME = AppIcon;
				ASSETCATALOG_COMPILER_GLOBAL_ACCENT_COLOR_NAME = AccentColor;
				CODE_SIGN_STYLE = Automatic;
				COMBINE_HIDPI_IMAGES = YES;
				CURRENT_PROJECT_VERSION = 1;
				DEVELOPMENT_TEAM = Q3J47D729C;
				ENABLE_APP_SANDBOX = YES;
				ENABLE_HARDENED_RUNTIME = YES;
				ENABLE_PREVIEWS = YES;
				ENABLE_USER_SELECTED_FILES = readonly;
				GENERATE_INFOPLIST_FILE = YES;
				INFOPLIST_KEY_NSHumanReadableCopyright = "";
				LD_RUNPATH_SEARCH_PATHS = (
					"$(inherited)",
					"@executable_path/../Frameworks",
				);
				MARKETING_VERSION = 1.0;
				PRODUCT_BUNDLE_IDENTIFIER = self.Dnamer;
				PRODUCT_NAME = "$(TARGET_NAME)";
				REGISTER_APP_GROUPS = YES;
				STRING_CATALOG_GENERATE_SYMBOLS = YES;
				SWIFT_APPROACHABLE_CONCURRENCY = YES;
				SWIFT_DEFAULT_ACTOR_ISOLATION = MainActor;
				SWIFT_EMIT_LOC_STRINGS = YES;
				SWIFT_UPCOMING_FEATURE_MEMBER_IMPORT_VISIBILITY = YES;
				SWIFT_VERSION = 5.0;
			};
			name = Release;
		};
		BB7ECB3E2F4E5B8300BEB93A /* Debug */ = {
			isa = XCBuildConfiguration;
			buildSettings = {
				BUNDLE_LOADER = "$(TEST_HOST)";
				CODE_SIGN_STYLE = Automatic;
				CURRENT_PROJECT_VERSION = 1;
				DEVELOPMENT_TEAM = Q3J47D729C;
				GENERATE_INFOPLIST_FILE = YES;
				MACOSX_DEPLOYMENT_TARGET = 26.1;
				MARKETING_VERSION = 1.0;
				PRODUCT_BUNDLE_IDENTIFIER = self.DnamerTests;
				PRODUCT_NAME = "$(TARGET_NAME)";
				STRING_CATALOG_GENERATE_SYMBOLS = NO;
				SWIFT_APPROACHABLE_CONCURRENCY = YES;
				SWIFT_EMIT_LOC_STRINGS = NO;
				SWIFT_UPCOMING_FEATURE_MEMBER_IMPORT_VISIBILITY = YES;
				SWIFT_VERSION = 5.0;
				TEST_HOST = "$(BUILT_PRODUCTS_DIR)/Dnamer.app/$(BUNDLE_EXECUTABLE_FOLDER_PATH)/Dnamer";
			};
			name = Debug;
		};
		BB7ECB3F2F4E5B8300BEB93A /* Release */ = {
			isa = XCBuildConfiguration;
			buildSettings = {
				BUNDLE_LOADER = "$(TEST_HOST)";
				CODE_SIGN_STYLE = Automatic;
				CURRENT_PROJECT_VERSION = 1;
				DEVELOPMENT_TEAM = Q3J47D729C;
				GENERATE_INFOPLIST_FILE = YES;
				MACOSX_DEPLOYMENT_TARGET = 26.1;
				MARKETING_VERSION = 1.0;
				PRODUCT_BUNDLE_IDENTIFIER = self.DnamerTests;
				PRODUCT_NAME = "$(TARGET_NAME)";
				STRING_CATALOG_GENERATE_SYMBOLS = NO;
				SWIFT_APPROACHABLE_CONCURRENCY = YES;
				SWIFT_EMIT_LOC_STRINGS = NO;
				SWIFT_UPCOMING_FEATURE_MEMBER_IMPORT_VISIBILITY = YES;
				SWIFT_VERSION = 5.0;
				TEST_HOST = "$(BUILT_PRODUCTS_DIR)/Dnamer.app/$(BUNDLE_EXECUTABLE_FOLDER_PATH)/Dnamer";
			};
			name = Release;
		};
		BB7ECB412F4E5B8300BEB93A /* Debug */ = {
			isa = XCBuildConfiguration;
			buildSettings = {
				CODE_SIGN_STYLE = Automatic;
				CURRENT_PROJECT_VERSION = 1;
				DEVELOPMENT_TEAM = Q3J47D729C;
				GENERATE_INFOPLIST_FILE = YES;
				MARKETING_VERSION = 1.0;
				PRODUCT_BUNDLE_IDENTIFIER = self.DnamerUITests;
				PRODUCT_NAME = "$(TARGET_NAME)";
				STRING_CATALOG_GENERATE_SYMBOLS = NO;
				SWIFT_APPROACHABLE_CONCURRENCY = YES;
				SWIFT_EMIT_LOC_STRINGS = NO;
				SWIFT_UPCOMING_FEATURE_MEMBER_IMPORT_VISIBILITY = YES;
				SWIFT_VERSION = 5.0;
				TEST_TARGET_NAME = Dnamer;
			};
			name = Debug;
		};
		BB7ECB422F4E5B8300BEB93A /* Release */ = {
			isa = XCBuildConfiguration;
			buildSettings = {
				CODE_SIGN_STYLE = Automatic;
				CURRENT_PROJECT_VERSION = 1;
				DEVELOPMENT_TEAM = Q3J47D729C;
				GENERATE_INFOPLIST_FILE = YES;
				MARKETING_VERSION = 1.0;
				PRODUCT_BUNDLE_IDENTIFIER = self.DnamerUITests;
				PRODUCT_NAME = "$(TARGET_NAME)";
				STRING_CATALOG_GENERATE_SYMBOLS = NO;
				SWIFT_APPROACHABLE_CONCURRENCY = YES;
				SWIFT_EMIT_LOC_STRINGS = NO;
				SWIFT_UPCOMING_FEATURE_MEMBER_IMPORT_VISIBILITY = YES;
				SWIFT_VERSION = 5.0;
				TEST_TARGET_NAME = Dnamer;
			};
			name = Release;
		};
/* End XCBuildConfiguration section */

/* Begin XCConfigurationList section */
		BB7ECB0F2F4E5B8200BEB93A /* Build configuration list for PBXProject "Dnamer" */ = {
			isa = XCConfigurationList;
			buildConfigurations = (
				BB7ECB382F4E5B8300BEB93A /* Debug */,
				BB7ECB392F4E5B8300BEB93A /* Release */,
			);
			defaultConfigurationIsVisible = 0;
			defaultConfigurationName = Release;
		};
		BB7ECB3A2F4E5B8300BEB93A /* Build configuration list for PBXNativeTarget "Dnamer" */ = {
			isa = XCConfigurationList;
			buildConfigurations = (
				BB7ECB3B2F4E5B8300BEB93A /* Debug */,
				BB7ECB3C2F4E5B8300BEB93A /* Release */,
			);
			defaultConfigurationIsVisible = 0;
			defaultConfigurationName = Release;
		};
		BB7ECB3D2F4E5B8300BEB93A /* Build configuration list for PBXNativeTarget "DnamerTests" */ = {
			isa = XCConfigurationList;
			buildConfigurations = (
				BB7ECB3E2F4E5B8300BEB93A /* Debug */,
				BB7ECB3F2F4E5B8300BEB93A /* Release */,
			);
			defaultConfigurationIsVisible = 0;
			defaultConfigurationName = Release;
		};
		BB7ECB402F4E5B8300BEB93A /* Build configuration list for PBXNativeTarget "DnamerUITests" */ = {
			isa = XCConfigurationList;
			buildConfigurations = (
				BB7ECB412F4E5B8300BEB93A /* Debug */,
				BB7ECB422F4E5B8300BEB93A /* Release */,
			);
			defaultConfigurationIsVisible = 0;
			defaultConfigurationName = Release;
		};
/* End XCConfigurationList section */
	};
	rootObject = BB7ECB0C2F4E5B8200BEB93A /* Project object */;
}
